
Microsoft Visual Studio Solution File, Format Version 12.00
# Visual Studio Version 16
VisualStudioVersion = 25.0.1706.6
MinimumVisualStudioVersion = 10.0.40219.1
Project("{FAE04EC0-301F-11D3-BF4B-00C04F79EFBC}") = "swe_2_project", "swe_2_project\swe_2_project.csproj", "{24F463A8-4519-4003-B414-0966418C4763}"
EndProject
Global
	GlobalSection(SolutionConfigurationPlatforms) = preSolution
		Debug|Any CPU = Debug|Any CPU
		Release|Any CPU = Release|Any CPU
	EndGlobalSection
	GlobalSection(ProjectConfigurationPlatforms) = postSolution
		{24F463A8-4519-4003-B414-0966418C4763}.Debug|Any CPU.ActiveCfg = Debug|Any CPU
		{24F463A8-4519-4003-B414-0966418C4763}.Debug|Any CPU.Build.0 = Debug|Any CPU
		{24F463A8-4519-4003-B414-0966418C4763}.Release|Any CPU.ActiveCfg = Release|Any CPU
		{24F463A8-4519-4003-B414-0966418C4763}.Release|Any CPU.Build.0 = Release|Any CPU
	EndGlobalSection
	GlobalSection(SolutionProperties) = preSolution
		HideSolutionNode = FALSE
	EndGlobalSection
	GlobalSection(ExtensibilityGlobals) = postSolution
		SolutionGuid = {983FB1B7-27EC-45E1-BA6B-E4D8CF4B4A04}
	EndGlobalSection
EndGlobal
